
Microsoft Visual Studio Solution File, Format Version 12.00
# Visual Studio 15
VisualStudioVersion = 15.0.28307.168
MinimumVisualStudioVersion = 10.0.40219.1
Project("{2150E333-8FDC-42A3-9474-1A3956D46DE8}") = "Docs", "Docs", "{CE2633C7-E869-4809-BAA0-3A913C7365E8}"
	ProjectSection(SolutionItems) = preProject
		ReadMe.md = ReadMe.md
	EndProjectSection
EndProject
Project("{2150E333-8FDC-42A3-9474-1A3956D46DE8}") = "Src", "Src", "{88E7B445-3DA0-4CB6-8582-183CFA72B334}"
EndProject
Project("{2150E333-8FDC-42A3-9474-1A3956D46DE8}") = "Common", "Common", "{C9B1D8C1-B15D-43CD-8A8E-2B65C3378B42}"
EndProject
Project("{2150E333-8FDC-42A3-9474-1A3956D46DE8}") = "Core", "Core", "{306E5B5B-7416-4928-8664-C10852C7A955}"
EndProject
Project("{2150E333-8FDC-42A3-9474-1A3956D46DE8}") = "Infrastructure", "Infrastructure", "{6FBC253C-1B45-47B2-B849-D7EF39B22F10}"
EndProject
Project("{2150E333-8FDC-42A3-9474-1A3956D46DE8}") = "Presentation", "Presentation", "{EE19AC18-BF24-4533-88A0-CCC06751FBC8}"
EndProject
Project("{2150E333-8FDC-42A3-9474-1A3956D46DE8}") = "Tests", "Tests", "{28DFFAEE-93D0-408B-BA1C-FBB30C54C96C}"
EndProject
Project("{9A19103F-16F7-4668-BE54-9A1E7A4F7556}") = "Common", "Common\Common.csproj", "{1C8524BA-38F9-4F7E-BD4B-82492A5CA0E6}"
EndProject
Project("{9A19103F-16F7-4668-BE54-9A1E7A4F7556}") = "Application", "Application\Application.csproj", "{936BC7DF-790E-4BC2-A5E0-556B06ADE225}"
EndProject
Project("{9A19103F-16F7-4668-BE54-9A1E7A4F7556}") = "Domain", "Domain\Domain.csproj", "{03EC7267-45CE-402E-8950-943CEF54B637}"
EndProject
Project("{9A19103F-16F7-4668-BE54-9A1E7A4F7556}") = "Infrastructure", "Infrastructure\Infrastructure.csproj", "{CD098AB4-70D5-4E3C-AF68-F138F27901AA}"
EndProject
Project("{9A19103F-16F7-4668-BE54-9A1E7A4F7556}") = "Persistence", "Persistence\Persistence.csproj", "{C152339C-5633-4631-B7D5-18D39C34083F}"
EndProject
Project("{9A19103F-16F7-4668-BE54-9A1E7A4F7556}") = "WebAPI", "WebAPI\WebAPI.csproj", "{DFB60D4C-4303-47D2-931C-1073BD85E9F2}"
EndProject
Project("{9A19103F-16F7-4668-BE54-9A1E7A4F7556}") = "Application.Tests", "Application.Tests\Application.Tests.csproj", "{E73073BE-4FB0-4FF2-AB1F-6D958930071B}"
EndProject
Project("{9A19103F-16F7-4668-BE54-9A1E7A4F7556}") = "Domain.Tests", "Domain.Tests\Domain.Tests.csproj", "{5F2C695C-7081-4897-961B-6E301559A67E}"
EndProject
Global
	GlobalSection(SolutionConfigurationPlatforms) = preSolution
		Debug|Any CPU = Debug|Any CPU
		Release|Any CPU = Release|Any CPU
	EndGlobalSection
	GlobalSection(ProjectConfigurationPlatforms) = postSolution
		{1C8524BA-38F9-4F7E-BD4B-82492A5CA0E6}.Debug|Any CPU.ActiveCfg = Debug|Any CPU
		{1C8524BA-38F9-4F7E-BD4B-82492A5CA0E6}.Debug|Any CPU.Build.0 = Debug|Any CPU
		{1C8524BA-38F9-4F7E-BD4B-82492A5CA0E6}.Release|Any CPU.ActiveCfg = Release|Any CPU
		{1C8524BA-38F9-4F7E-BD4B-82492A5CA0E6}.Release|Any CPU.Build.0 = Release|Any CPU
		{936BC7DF-790E-4BC2-A5E0-556B06ADE225}.Debug|Any CPU.ActiveCfg = Debug|Any CPU
		{936BC7DF-790E-4BC2-A5E0-556B06ADE225}.Debug|Any CPU.Build.0 = Debug|Any CPU
		{936BC7DF-790E-4BC2-A5E0-556B06ADE225}.Release|Any CPU.ActiveCfg = Release|Any CPU
		{936BC7DF-790E-4BC2-A5E0-556B06ADE225}.Release|Any CPU.Build.0 = Release|Any CPU
		{03EC7267-45CE-402E-8950-943CEF54B637}.Debug|Any CPU.ActiveCfg = Debug|Any CPU
		{03EC7267-45CE-402E-8950-943CEF54B637}.Debug|Any CPU.Build.0 = Debug|Any CPU
		{03EC7267-45CE-402E-8950-943CEF54B637}.Release|Any CPU.ActiveCfg = Release|Any CPU
		{03EC7267-45CE-402E-8950-943CEF54B637}.Release|Any CPU.Build.0 = Release|Any CPU
		{CD098AB4-70D5-4E3C-AF68-F138F27901AA}.Debug|Any CPU.ActiveCfg = Debug|Any CPU
		{CD098AB4-70D5-4E3C-AF68-F138F27901AA}.Debug|Any CPU.Build.0 = Debug|Any CPU
		{CD098AB4-70D5-4E3C-AF68-F138F27901AA}.Release|Any CPU.ActiveCfg = Release|Any CPU
		{CD098AB4-70D5-4E3C-AF68-F138F27901AA}.Release|Any CPU.Build.0 = Release|Any CPU
		{C152339C-5633-4631-B7D5-18D39C34083F}.Debug|Any CPU.ActiveCfg = Debug|Any CPU
		{C152339C-5633-4631-B7D5-18D39C34083F}.Debug|Any CPU.Build.0 = Debug|Any CPU
		{C152339C-5633-4631-B7D5-18D39C34083F}.Release|Any CPU.ActiveCfg = Release|Any CPU
		{C152339C-5633-4631-B7D5-18D39C34083F}.Release|Any CPU.Build.0 = Release|Any CPU
		{DFB60D4C-4303-47D2-931C-1073BD85E9F2}.Debug|Any CPU.ActiveCfg = Debug|Any CPU
		{DFB60D4C-4303-47D2-931C-1073BD85E9F2}.Debug|Any CPU.Build.0 = Debug|Any CPU
		{DFB60D4C-4303-47D2-931C-1073BD85E9F2}.Release|Any CPU.ActiveCfg = Release|Any CPU
		{DFB60D4C-4303-47D2-931C-1073BD85E9F2}.Release|Any CPU.Build.0 = Release|Any CPU
		{E73073BE-4FB0-4FF2-AB1F-6D958930071B}.Debug|Any CPU.ActiveCfg = Debug|Any CPU
		{E73073BE-4FB0-4FF2-AB1F-6D958930071B}.Debug|Any CPU.Build.0 = Debug|Any CPU
		{E73073BE-4FB0-4FF2-AB1F-6D958930071B}.Release|Any CPU.ActiveCfg = Release|Any CPU
		{E73073BE-4FB0-4FF2-AB1F-6D958930071B}.Release|Any CPU.Build.0 = Release|Any CPU
		{5F2C695C-7081-4897-961B-6E301559A67E}.Debug|Any CPU.ActiveCfg = Debug|Any CPU
		{5F2C695C-7081-4897-961B-6E301559A67E}.Debug|Any CPU.Build.0 = Debug|Any CPU
		{5F2C695C-7081-4897-961B-6E301559A67E}.Release|Any CPU.ActiveCfg = Release|Any CPU
		{5F2C695C-7081-4897-961B-6E301559A67E}.Release|Any CPU.Build.0 = Release|Any CPU
	EndGlobalSection
	GlobalSection(SolutionProperties) = preSolution
		HideSolutionNode = FALSE
	EndGlobalSection
	GlobalSection(NestedProjects) = preSolution
		{C9B1D8C1-B15D-43CD-8A8E-2B65C3378B42} = {88E7B445-3DA0-4CB6-8582-183CFA72B334}
		{306E5B5B-7416-4928-8664-C10852C7A955} = {88E7B445-3DA0-4CB6-8582-183CFA72B334}
		{6FBC253C-1B45-47B2-B849-D7EF39B22F10} = {88E7B445-3DA0-4CB6-8582-183CFA72B334}
		{EE19AC18-BF24-4533-88A0-CCC06751FBC8} = {88E7B445-3DA0-4CB6-8582-183CFA72B334}
		{1C8524BA-38F9-4F7E-BD4B-82492A5CA0E6} = {C9B1D8C1-B15D-43CD-8A8E-2B65C3378B42}
		{936BC7DF-790E-4BC2-A5E0-556B06ADE225} = {306E5B5B-7416-4928-8664-C10852C7A955}
		{03EC7267-45CE-402E-8950-943CEF54B637} = {306E5B5B-7416-4928-8664-C10852C7A955}
		{CD098AB4-70D5-4E3C-AF68-F138F27901AA} = {6FBC253C-1B45-47B2-B849-D7EF39B22F10}
		{C152339C-5633-4631-B7D5-18D39C34083F} = {6FBC253C-1B45-47B2-B849-D7EF39B22F10}
		{DFB60D4C-4303-47D2-931C-1073BD85E9F2} = {EE19AC18-BF24-4533-88A0-CCC06751FBC8}
		{E73073BE-4FB0-4FF2-AB1F-6D958930071B} = {28DFFAEE-93D0-408B-BA1C-FBB30C54C96C}
		{5F2C695C-7081-4897-961B-6E301559A67E} = {28DFFAEE-93D0-408B-BA1C-FBB30C54C96C}
	EndGlobalSection
	GlobalSection(ExtensibilityGlobals) = postSolution
		SolutionGuid = {E3D1AA41-9D51-4DE8-9180-DDB94520C22D}
	EndGlobalSection
EndGlobal
